
Microsoft Visual Studio Solution File, Format Version 12.00
# Visual Studio 15
Project("{FAE04EC0-301F-11D3-BF4B-00C04F79EFBC}") = "Community_RTS_Engine", "Assembly-CSharp-firstpass.csproj", "{C2A637F0-ADF4-FB14-783F-95181E93F9E2}"
EndProject
Project("{FAE04EC0-301F-11D3-BF4B-00C04F79EFBC}") = "Community_RTS_Engine", "Assembly-CSharp.csproj", "{933D4D69-8029-8594-D9F6-BAD41319DD3D}"
EndProject
Project("{FAE04EC0-301F-11D3-BF4B-00C04F79EFBC}") = "Community_RTS_Engine", "Assembly-CSharp-Editor-firstpass.csproj", "{01F7D487-FF1D-BD39-BFE7-860C20386944}"
EndProject
Project("{FAE04EC0-301F-11D3-BF4B-00C04F79EFBC}") = "Community_RTS_Engine", "Assembly-CSharp-Editor.csproj", "{616C58FA-2307-61C1-CEB4-AFEC5C3EB6FD}"
EndProject
Global
	GlobalSection(SolutionConfigurationPlatforms) = preSolution
		Debug|Any CPU = Debug|Any CPU
		Release|Any CPU = Release|Any CPU
	EndGlobalSection
	GlobalSection(ProjectConfigurationPlatforms) = postSolution
		{C2A637F0-ADF4-FB14-783F-95181E93F9E2}.Debug|Any CPU.ActiveCfg = Debug|Any CPU
		{C2A637F0-ADF4-FB14-783F-95181E93F9E2}.Debug|Any CPU.Build.0 = Debug|Any CPU
		{C2A637F0-ADF4-FB14-783F-95181E93F9E2}.Release|Any CPU.ActiveCfg = Release|Any CPU
		{C2A637F0-ADF4-FB14-783F-95181E93F9E2}.Release|Any CPU.Build.0 = Release|Any CPU
		{933D4D69-8029-8594-D9F6-BAD41319DD3D}.Debug|Any CPU.ActiveCfg = Debug|Any CPU
		{933D4D69-8029-8594-D9F6-BAD41319DD3D}.Debug|Any CPU.Build.0 = Debug|Any CPU
		{933D4D69-8029-8594-D9F6-BAD41319DD3D}.Release|Any CPU.ActiveCfg = Release|Any CPU
		{933D4D69-8029-8594-D9F6-BAD41319DD3D}.Release|Any CPU.Build.0 = Release|Any CPU
		{01F7D487-FF1D-BD39-BFE7-860C20386944}.Debug|Any CPU.ActiveCfg = Debug|Any CPU
		{01F7D487-FF1D-BD39-BFE7-860C20386944}.Debug|Any CPU.Build.0 = Debug|Any CPU
		{01F7D487-FF1D-BD39-BFE7-860C20386944}.Release|Any CPU.ActiveCfg = Release|Any CPU
		{01F7D487-FF1D-BD39-BFE7-860C20386944}.Release|Any CPU.Build.0 = Release|Any CPU
		{616C58FA-2307-61C1-CEB4-AFEC5C3EB6FD}.Debug|Any CPU.ActiveCfg = Debug|Any CPU
		{616C58FA-2307-61C1-CEB4-AFEC5C3EB6FD}.Debug|Any CPU.Build.0 = Debug|Any CPU
		{616C58FA-2307-61C1-CEB4-AFEC5C3EB6FD}.Release|Any CPU.ActiveCfg = Release|Any CPU
		{616C58FA-2307-61C1-CEB4-AFEC5C3EB6FD}.Release|Any CPU.Build.0 = Release|Any CPU
	EndGlobalSection
	GlobalSection(SolutionProperties) = preSolution
		HideSolutionNode = FALSE
	EndGlobalSection
EndGlobal
